
Microsoft Visual Studio Solution File, Format Version 12.00
# Visual Studio Version 17
VisualStudioVersion = 17.10.35027.167
MinimumVisualStudioVersion = 10.0.40219.1
Project("{FAE04EC0-301F-11D3-BF4B-00C04F79EFBC}") = "Tickets-Data-Aggregator", "Tickets-Data-Aggregator\Tickets-Data-Aggregator.csproj", "{8DA28ED7-39CB-452D-8A99-F6246B9354A0}"
EndProject
Global
	GlobalSection(SolutionConfigurationPlatforms) = preSolution
		Debug|Any CPU = Debug|Any CPU
		Release|Any CPU = Release|Any CPU
	EndGlobalSection
	GlobalSection(ProjectConfigurationPlatforms) = postSolution
		{8DA28ED7-39CB-452D-8A99-F6246B9354A0}.Debug|Any CPU.ActiveCfg = Debug|Any CPU
		{8DA28ED7-39CB-452D-8A99-F6246B9354A0}.Debug|Any CPU.Build.0 = Debug|Any CPU
		{8DA28ED7-39CB-452D-8A99-F6246B9354A0}.Release|Any CPU.ActiveCfg = Release|Any CPU
		{8DA28ED7-39CB-452D-8A99-F6246B9354A0}.Release|Any CPU.Build.0 = Release|Any CPU
	EndGlobalSection
	GlobalSection(SolutionProperties) = preSolution
		HideSolutionNode = FALSE
	EndGlobalSection
	GlobalSection(ExtensibilityGlobals) = postSolution
		SolutionGuid = {837AB68A-6802-49E5-A7AC-325F74E81492}
	EndGlobalSection
EndGlobal
